
Microsoft Visual Studio Solution File, Format Version 12.00
# Visual Studio Version 17
VisualStudioVersion = 17.2.32526.322
MinimumVisualStudioVersion = 10.0.40219.1
Project("{FAE04EC0-301F-11D3-BF4B-00C04F79EFBC}") = "ReflectionSampleConsole", "ReflectionSampleConsole\ReflectionSampleConsole.csproj", "{939FD505-F341-4F5F-A716-3F354B8A882D}"
EndProject
Global
	GlobalSection(SolutionConfigurationPlatforms) = preSolution
		Debug|Any CPU = Debug|Any CPU
		Release|Any CPU = Release|Any CPU
	EndGlobalSection
	GlobalSection(ProjectConfigurationPlatforms) = postSolution
		{939FD505-F341-4F5F-A716-3F354B8A882D}.Debug|Any CPU.ActiveCfg = Debug|Any CPU
		{939FD505-F341-4F5F-A716-3F354B8A882D}.Debug|Any CPU.Build.0 = Debug|Any CPU
		{939FD505-F341-4F5F-A716-3F354B8A882D}.Release|Any CPU.ActiveCfg = Release|Any CPU
		{939FD505-F341-4F5F-A716-3F354B8A882D}.Release|Any CPU.Build.0 = Release|Any CPU
	EndGlobalSection
	GlobalSection(SolutionProperties) = preSolution
		HideSolutionNode = FALSE
	EndGlobalSection
	GlobalSection(ExtensibilityGlobals) = postSolution
		SolutionGuid = {BD1DF57F-89D9-4326-A53C-730B9B10B8BC}
	EndGlobalSection
EndGlobal
